// !$*UTF8*$!
{
	archiveVersion = 1;
	classes = {
	};
	objectVersion = 46;
	objects = {

/* Begin PBXBuildFile section */
		C8CE22DF1CE4AB3400078436 /* AppDelegate.swift in Sources */ = {isa = PBXBuildFile; fileRef = C8CE22DE1CE4AB3400078436 /* AppDelegate.swift */; };
		C8CE22E11CE4AB3400078436 /* ViewController.swift in Sources */ = {isa = PBXBuildFile; fileRef = C8CE22E01CE4AB3400078436 /* ViewController.swift */; };
		C8CE22E41CE4AB3400078436 /* Main.storyboard in Resources */ = {isa = PBXBuildFile; fileRef = C8CE22E21CE4AB3400078436 /* Main.storyboard */; };
		C8CE22E61CE4AB3400078436 /* Assets.xcassets in Resources */ = {isa = PBXBuildFile; fileRef = C8CE22E51CE4AB3400078436 /* Assets.xcassets */; };
		C8CE22E91CE4AB3400078436 /* LaunchScreen.storyboard in Resources */ = {isa = PBXBuildFile; fileRef = C8CE22E71CE4AB3400078436 /* LaunchScreen.storyboard */; };
		C8CE22F41CE4AB3400078436 /* TestPhotoTests.swift in Sources */ = {isa = PBXBuildFile; fileRef = C8CE22F31CE4AB3400078436 /* TestPhotoTests.swift */; };
		C8CE22FF1CE4AB3400078436 /* TestPhotoUITests.swift in Sources */ = {isa = PBXBuildFile; fileRef = C8CE22FE1CE4AB3400078436 /* TestPhotoUITests.swift */; };
/* End PBXBuildFile section */

/* Begin PBXContainerItemProxy section */
		C8CE22F01CE4AB3400078436 /* PBXContainerItemProxy */ = {
			isa = PBXContainerItemProxy;
			containerPortal = C8CE22D31CE4AB3300078436 /* Project object */;
			proxyType = 1;
			remoteGlobalIDString = C8CE22DA1CE4AB3400078436;
			remoteInfo = TestPhoto;
		};
		C8CE22FB1CE4AB3400078436 /* PBXContainerItemProxy */ = {
			isa = PBXContainerItemProxy;
			containerPortal = C8CE22D31CE4AB3300078436 /* Project object */;
			proxyType = 1;
			remoteGlobalIDString = C8CE22DA1CE4AB3400078436;
			remoteInfo = TestPhoto;
		};
/* End PBXContainerItemProxy section */

/* Begin PBXFileReference section */
		C8CE22DB1CE4AB3400078436 /* TestPhoto.app */ = {isa = PBXFileReference; explicitFileType = wrapper.application; includeInIndex = 0; path = TestPhoto.app; sourceTree = BUILT_PRODUCTS_DIR; };
		C8CE22DE1CE4AB3400078436 /* AppDelegate.swift */ = {isa = PBXFileReference; lastKnownFileType = sourcecode.swift; path = AppDelegate.swift; sourceTree = "<group>"; };
		C8CE22E01CE4AB3400078436 /* ViewController.swift */ = {isa = PBXFileReference; lastKnownFileType = sourcecode.swift; path = ViewController.swift; sourceTree = "<group>"; };
		C8CE22E31CE4AB3400078436 /* Base */ = {isa = PBXFileReference; lastKnownFileType = file.storyboard; name = Base; path = Base.lproj/Main.storyboard; sourceTree = "<group>"; };
		C8CE22E51CE4AB3400078436 /* Assets.xcassets */ = {isa = PBXFileReference; lastKnownFileType = folder.assetcatalog; path = Assets.xcassets; sourceTree = "<group>"; };
		C8CE22E81CE4AB3400078436 /* Base */ = {isa = PBXFileReference; lastKnownFileType = file.storyboard; name = Base; path = Base.lproj/LaunchScreen.storyboard; sourceTree = "<group>"; };
		C8CE22EA1CE4AB3400078436 /* Info.plist */ = {isa = PBXFileReference; lastKnownFileType = text.plist.xml; path = Info.plist; sourceTree = "<group>"; };
		C8CE22EF1CE4AB3400078436 /* TestPhotoTests.xctest */ = {isa = PBXFileReference; explicitFileType = wrapper.cfbundle; includeInIndex = 0; path = TestPhotoTests.xctest; sourceTree = BUILT_PRODUCTS_DIR; };
		C8CE22F31CE4AB3400078436 /* TestPhotoTests.swift */ = {isa = PBXFileReference; lastKnownFileType = sourcecode.swift; path = TestPhotoTests.swift; sourceTree = "<group>"; };
		C8CE22F51CE4AB3400078436 /* Info.plist */ = {isa = PBXFileReference; lastKnownFileType = text.plist.xml; path = Info.plist; sourceTree = "<group>"; };
		C8CE22FA1CE4AB3400078436 /* TestPhotoUITests.xctest */ = {isa = PBXFileReference; explicitFileType = wrapper.cfbundle; includeInIndex = 0; path = TestPhotoUITests.xctest; sourceTree = BUILT_PRODUCTS_DIR; };
		C8CE22FE1CE4AB3400078436 /* TestPhotoUITests.swift */ = {isa = PBXFileReference; lastKnownFileType = sourcecode.swift; path = TestPhotoUITests.swift; sourceTree = "<group>"; };
		C8CE23001CE4AB3400078436 /* Info.plist */ = {isa = PBXFileReference; lastKnownFileType = text.plist.xml; path = Info.plist; sourceTree = "<group>"; };
/* End PBXFileReference section */

/* Begin PBXFrameworksBuildPhase section */
		C8CE22D81CE4AB3400078436 /* Frameworks */ = {
			isa = PBXFrameworksBuildPhase;
			buildActionMask = 2147483647;
			files = (
			);
			runOnlyForDeploymentPostprocessing = 0;
		};
		C8CE22EC1CE4AB3400078436 /* Frameworks */ = {
			isa = PBXFrameworksBuildPhase;
			buildActionMask = 2147483647;
			files = (
			);
			runOnlyForDeploymentPostprocessing = 0;
		};
		C8CE22F71CE4AB3400078436 /* Frameworks */ = {
			isa = PBXFrameworksBuildPhase;
			buildActionMask = 2147483647;
			files = (
			);
			runOnlyForDeploymentPostprocessing = 0;
		};
/* End PBXFrameworksBuildPhase section */

/* Begin PBXGroup section */
		C8CE22D21CE4AB3300078436 = {
			isa = PBXGroup;
			children = (
				C8CE22DD1CE4AB3400078436 /* TestPhoto */,
				C8CE22F21CE4AB3400078436 /* TestPhotoTests */,
				C8CE22FD1CE4AB3400078436 /* TestPhotoUITests */,
				C8CE22DC1CE4AB3400078436 /* Products */,
			);
			sourceTree = "<group>";
		};
		C8CE22DC1CE4AB3400078436 /* Products */ = {
			isa = PBXGroup;
			children = (
				C8CE22DB1CE4AB3400078436 /* TestPhoto.app */,
				C8CE22EF1CE4AB3400078436 /* TestPhotoTests.xctest */,
				C8CE22FA1CE4AB3400078436 /* TestPhotoUITests.xctest */,
			);
			name = Products;
			sourceTree = "<group>";
		};
		C8CE22DD1CE4AB3400078436 /* TestPhoto */ = {
			isa = PBXGroup;
			children = (
				C8CE22DE1CE4AB3400078436 /* AppDelegate.swift */,
				C8CE22E01CE4AB3400078436 /* ViewController.swift */,
				C8CE22E21CE4AB3400078436 /* Main.storyboard */,
				C8CE22E51CE4AB3400078436 /* Assets.xcassets */,
				C8CE22E71CE4AB3400078436 /* LaunchScreen.storyboard */,
				C8CE22EA1CE4AB3400078436 /* Info.plist */,
			);
			path = TestPhoto;
			sourceTree = "<group>";
		};
		C8CE22F21CE4AB3400078436 /* TestPhotoTests */ = {
			isa = PBXGroup;
			children = (
				C8CE22F31CE4AB3400078436 /* TestPhotoTests.swift */,
				C8CE22F51CE4AB3400078436 /* Info.plist */,
			);
			path = TestPhotoTests;
			sourceTree = "<group>";
		};
		C8CE22FD1CE4AB3400078436 /* TestPhotoUITests */ = {
			isa = PBXGroup;
			children = (
				C8CE22FE1CE4AB3400078436 /* TestPhotoUITests.swift */,
				C8CE23001CE4AB3400078436 /* Info.plist */,
			);
			path = TestPhotoUITests;
			sourceTree = "<group>";
		};
/* End PBXGroup section */

/* Begin PBXNativeTarget section */
		C8CE22DA1CE4AB3400078436 /* TestPhoto */ = {
			isa = PBXNativeTarget;
			buildConfigurationList = C8CE23031CE4AB3400078436 /* Build configuration list for PBXNativeTarget "TestPhoto" */;
			buildPhases = (
				C8CE22D71CE4AB3400078436 /* Sources */,
				C8CE22D81CE4AB3400078436 /* Frameworks */,
				C8CE22D91CE4AB3400078436 /* Resources */,
			);
			buildRules = (
			);
			dependencies = (
			);
			name = TestPhoto;
			productName = TestPhoto;
			productReference = C8CE22DB1CE4AB3400078436 /* TestPhoto.app */;
			productType = "com.apple.product-type.application";
		};
		C8CE22EE1CE4AB3400078436 /* TestPhotoTests */ = {
			isa = PBXNativeTarget;
			buildConfigurationList = C8CE23061CE4AB3400078436 /* Build configuration list for PBXNativeTarget "TestPhotoTests" */;
			buildPhases = (
				C8CE22EB1CE4AB3400078436 /* Sources */,
				C8CE22EC1CE4AB3400078436 /* Frameworks */,
				C8CE22ED1CE4AB3400078436 /* Resources */,
			);
			buildRules = (
			);
			dependencies = (
				C8CE22F11CE4AB3400078436 /* PBXTargetDependency */,
			);
			name = TestPhotoTests;
			productName = TestPhotoTests;
			productReference = C8CE22EF1CE4AB3400078436 /* TestPhotoTests.xctest */;
			productType = "com.apple.product-type.bundle.unit-test";
		};
		C8CE22F91CE4AB3400078436 /* TestPhotoUITests */ = {
			isa = PBXNativeTarget;
			buildConfigurationList = C8CE23091CE4AB3400078436 /* Build configuration list for PBXNativeTarget "TestPhotoUITests" */;
			buildPhases = (
				C8CE22F61CE4AB3400078436 /* Sources */,
				C8CE22F71CE4AB3400078436 /* Frameworks */,
				C8CE22F81CE4AB3400078436 /* Resources */,
			);
			buildRules = (
			);
			dependencies = (
				C8CE22FC1CE4AB3400078436 /* PBXTargetDependency */,
			);
			name = TestPhotoUITests;
			productName = TestPhotoUITests;
			productReference = C8CE22FA1CE4AB3400078436 /* TestPhotoUITests.xctest */;
			productType = "com.apple.product-type.bundle.ui-testing";
		};
/* End PBXNativeTarget section */

/* Begin PBXProject section */
		C8CE22D31CE4AB3300078436 /* Project object */ = {
			isa = PBXProject;
			attributes = {
				LastSwiftUpdateCheck = 0720;
				LastUpgradeCheck = 0720;
				ORGANIZATIONNAME = Wilson;
				TargetAttributes = {
					C8CE22DA1CE4AB3400078436 = {
						CreatedOnToolsVersion = 7.2.1;
					};
					C8CE22EE1CE4AB3400078436 = {
						CreatedOnToolsVersion = 7.2.1;
						TestTargetID = C8CE22DA1CE4AB3400078436;
					};
					C8CE22F91CE4AB3400078436 = {
						CreatedOnToolsVersion = 7.2.1;
						TestTargetID = C8CE22DA1CE4AB3400078436;
					};
				};
			};
			buildConfigurationList = C8CE22D61CE4AB3300078436 /* Build configuration list for PBXProject "TestPhoto" */;
			compatibilityVersion = "Xcode 3.2";
			developmentRegion = English;
			hasScannedForEncodings = 0;
			knownRegions = (
				en,
				Base,
			);
			mainGroup = C8CE22D21CE4AB3300078436;
			productRefGroup = C8CE22DC1CE4AB3400078436 /* Products */;
			projectDirPath = "";
			projectRoot = "";
			targets = (
				C8CE22DA1CE4AB3400078436 /* TestPhoto */,
				C8CE22EE1CE4AB3400078436 /* TestPhotoTests */,
				C8CE22F91CE4AB3400078436 /* TestPhotoUITests */,
			);
		};
/* End PBXProject section */

/* Begin PBXResourcesBuildPhase section */
		C8CE22D91CE4AB3400078436 /* Resources */ = {
			isa = PBXResourcesBuildPhase;
			buildActionMask = 2147483647;
			files = (
				C8CE22E91CE4AB3400078436 /* LaunchScreen.storyboard in Resources */,
				C8CE22E61CE4AB3400078436 /* Assets.xcassets in Resources */,
				C8CE22E41CE4AB3400078436 /* Main.storyboard in Resources */,
			);
			runOnlyForDeploymentPostprocessing = 0;
		};
		C8CE22ED1CE4AB3400078436 /* Resources */ = {
			isa = PBXResourcesBuildPhase;
			buildActionMask = 2147483647;
			files = (
			);
			runOnlyForDeploymentPostprocessing = 0;
		};
		C8CE22F81CE4AB3400078436 /* Resources */ = {
			isa = PBXResourcesBuildPhase;
			buildActionMask = 2147483647;
			files = (
			);
			runOnlyForDeploymentPostprocessing = 0;
		};
/* End PBXResourcesBuildPhase section */

/* Begin PBXSourcesBuildPhase section */
		C8CE22D71CE4AB3400078436 /* Sources */ = {
			isa = PBXSourcesBuildPhase;
			buildActionMask = 2147483647;
			files = (
				C8CE22E11CE4AB3400078436 /* ViewController.swift in Sources */,
				C8CE22DF1CE4AB3400078436 /* AppDelegate.swift in Sources */,
			);
			runOnlyForDeploymentPostprocessing = 0;
		};
		C8CE22EB1CE4AB3400078436 /* Sources */ = {
			isa = PBXSourcesBuildPhase;
			buildActionMask = 2147483647;
			files = (
				C8CE22F41CE4AB3400078436 /* TestPhotoTests.swift in Sources */,
			);
			runOnlyForDeploymentPostprocessing = 0;
		};
		C8CE22F61CE4AB3400078436 /* Sources */ = {
			isa = PBXSourcesBuildPhase;
			buildActionMask = 2147483647;
			files = (
				C8CE22FF1CE4AB3400078436 /* TestPhotoUITests.swift in Sources */,
			);
			runOnlyForDeploymentPostprocessing = 0;
		};
/* End PBXSourcesBuildPhase section */

/* Begin PBXTargetDependency section */
		C8CE22F11CE4AB3400078436 /* PBXTargetDependency */ = {
			isa = PBXTargetDependency;
			target = C8CE22DA1CE4AB3400078436 /* TestPhoto */;
			targetProxy = C8CE22F01CE4AB3400078436 /* PBXContainerItemProxy */;
		};
		C8CE22FC1CE4AB3400078436 /* PBXTargetDependency */ = {
			isa = PBXTargetDependency;
			target = C8CE22DA1CE4AB3400078436 /* TestPhoto */;
			targetProxy = C8CE22FB1CE4AB3400078436 /* PBXContainerItemProxy */;
		};
/* End PBXTargetDependency section */

/* Begin PBXVariantGroup section */
		C8CE22E21CE4AB3400078436 /* Main.storyboard */ = {
			isa = PBXVariantGroup;
			children = (
				C8CE22E31CE4AB3400078436 /* Base */,
			);
			name = Main.storyboard;
			sourceTree = "<group>";
		};
		C8CE22E71CE4AB3400078436 /* LaunchScreen.storyboard */ = {
			isa = PBXVariantGroup;
			children = (
				C8CE22E81CE4AB3400078436 /* Base */,
			);
			name = LaunchScreen.storyboard;
			sourceTree = "<group>";
		};
/* End PBXVariantGroup section */

/* Begin XCBuildConfiguration section */
		C8CE23011CE4AB3400078436 /* Debug */ = {
			isa = XCBuildConfiguration;
			buildSettings = {
				ALWAYS_SEARCH_USER_PATHS = NO;
				CLANG_CXX_LANGUAGE_STANDARD = "gnu++0x";
				CLANG_CXX_LIBRARY = "libc++";
				CLANG_ENABLE_MODULES = YES;
				CLANG_ENABLE_OBJC_ARC = YES;
				CLANG_WARN_BOOL_CONVERSION = YES;
				CLANG_WARN_CONSTANT_CONVERSION = YES;
				CLANG_WARN_DIRECT_OBJC_ISA_USAGE = YES_ERROR;
				CLANG_WARN_EMPTY_BODY = YES;
				CLANG_WARN_ENUM_CONVERSION = YES;
				CLANG_WARN_INT_CONVERSION = YES;
				CLANG_WARN_OBJC_ROOT_CLASS = YES_ERROR;
				CLANG_WARN_UNREACHABLE_CODE = YES;
				CLANG_WARN__DUPLICATE_METHOD_MATCH = YES;
				"CODE_SIGN_IDENTITY[sdk=iphoneos*]" = "iPhone Developer";
				COPY_PHASE_STRIP = NO;
				DEBUG_INFORMATION_FORMAT = dwarf;
				ENABLE_STRICT_OBJC_MSGSEND = YES;
				ENABLE_TESTABILITY = YES;
				GCC_C_LANGUAGE_STANDARD = gnu99;
				GCC_DYNAMIC_NO_PIC = NO;
				GCC_NO_COMMON_BLOCKS = YES;
				GCC_OPTIMIZATION_LEVEL = 0;
				GCC_PREPROCESSOR_DEFINITIONS = (
					"DEBUG=1",
					"$(inherited)",
				);
				GCC_WARN_64_TO_32_BIT_CONVERSION = YES;
				GCC_WARN_ABOUT_RETURN_TYPE = YES_ERROR;
				GCC_WARN_UNDECLARED_SELECTOR = YES;
				GCC_WARN_UNINITIALIZED_AUTOS = YES_AGGRESSIVE;
				GCC_WARN_UNUSED_FUNCTION = YES;
				GCC_WARN_UNUSED_VARIABLE = YES;
				IPHONEOS_DEPLOYMENT_TARGET = 9.2;
				MTL_ENABLE_DEBUG_INFO = YES;
				ONLY_ACTIVE_ARCH = YES;
				SDKROOT = iphoneos;
				SWIFT_OPTIMIZATION_LEVEL = "-Onone";
			};
			name = Debug;
		};
		C8CE23021CE4AB3400078436 /* Release */ = {
			isa = XCBuildConfiguration;
			buildSettings = {
				ALWAYS_SEARCH_USER_PATHS = NO;
				CLANG_CXX_LANGUAGE_STANDARD = "gnu++0x";
				CLANG_CXX_LIBRARY = "libc++";
				CLANG_ENABLE_MODULES = YES;
				CLANG_ENABLE_OBJC_ARC = YES;
				CLANG_WARN_BOOL_CONVERSION = YES;
				CLANG_WARN_CONSTANT_CONVERSION = YES;
				CLANG_WARN_DIRECT_OBJC_ISA_USAGE = YES_ERROR;
				CLANG_WARN_EMPTY_BODY = YES;
				CLANG_WARN_ENUM_CONVERSION = YES;
				CLANG_WARN_INT_CONVERSION = YES;
				CLANG_WARN_OBJC_ROOT_CLASS = YES_ERROR;
				CLANG_WARN_UNREACHABLE_CODE = YES;
				CLANG_WARN__DUPLICATE_METHOD_MATCH = YES;
				"CODE_SIGN_IDENTITY[sdk=iphoneos*]" = "iPhone Developer";
				COPY_PHASE_STRIP = NO;
				DEBUG_INFORMATION_FORMAT = "dwarf-with-dsym";
				ENABLE_NS_ASSERTIONS = NO;
				ENABLE_STRICT_OBJC_MSGSEND = YES;
				GCC_C_LANGUAGE_STANDARD = gnu99;
				GCC_NO_COMMON_BLOCKS = YES;
				GCC_WARN_64_TO_32_BIT_CONVERSION = YES;
				GCC_WARN_ABOUT_RETURN_TYPE = YES_ERROR;
				GCC_WARN_UNDECLARED_SELECTOR = YES;
				GCC_WARN_UNINITIALIZED_AUTOS = YES_AGGRESSIVE;
				GCC_WARN_UNUSED_FUNCTION = YES;
				GCC_WARN_UNUSED_VARIABLE = YES;
				IPHONEOS_DEPLOYMENT_TARGET = 9.2;
				MTL_ENABLE_DEBUG_INFO = NO;
				SDKROOT = iphoneos;
				VALIDATE_PRODUCT = YES;
			};
			name = Release;
		};
		C8CE23041CE4AB3400078436 /* Debug */ = {
			isa = XCBuildConfiguration;
			buildSettings = {
				ASSETCATALOG_COMPILER_APPICON_NAME = AppIcon;
				INFOPLIST_FILE = TestPhoto/Info.plist;
				LD_RUNPATH_SEARCH_PATHS = "$(inherited) @executable_path/Frameworks";
				PRODUCT_BUNDLE_IDENTIFIER = com.test.TestPhoto;
				PRODUCT_NAME = "$(TARGET_NAME)";
			};
			name = Debug;
		};
		C8CE23051CE4AB3400078436 /* Release */ = {
			isa = XCBuildConfiguration;
			buildSettings = {
				ASSETCATALOG_COMPILER_APPICON_NAME = AppIcon;
				INFOPLIST_FILE = TestPhoto/Info.plist;
				LD_RUNPATH_SEARCH_PATHS = "$(inherited) @executable_path/Frameworks";
				PRODUCT_BUNDLE_IDENTIFIER = com.test.TestPhoto;
				PRODUCT_NAME = "$(TARGET_NAME)";
			};
			name = Release;
		};
		C8CE23071CE4AB3400078436 /* Debug */ = {
			isa = XCBuildConfiguration;
			buildSettings = {
				BUNDLE_LOADER = "$(TEST_HOST)";
				INFOPLIST_FILE = TestPhotoTests/Info.plist;
				LD_RUNPATH_SEARCH_PATHS = "$(inherited) @executable_path/Frameworks @loader_path/Frameworks";
				PRODUCT_BUNDLE_IDENTIFIER = com.test.TestPhotoTests;
				PRODUCT_NAME = "$(TARGET_NAME)";
				TEST_HOST = "$(BUILT_PRODUCTS_DIR)/TestPhoto.app/TestPhoto";
			};
			name = Debug;
		};
		C8CE23081CE4AB3400078436 /* Release */ = {
			isa = XCBuildConfiguration;
			buildSettings = {
				BUNDLE_LOADER = "$(TEST_HOST)";
				INFOPLIST_FILE = TestPhotoTests/Info.plist;
				LD_RUNPATH_SEARCH_PATHS = "$(inherited) @executable_path/Frameworks @loader_path/Frameworks";
				PRODUCT_BUNDLE_IDENTIFIER = com.test.TestPhotoTests;
				PRODUCT_NAME = "$(TARGET_NAME)";
				TEST_HOST = "$(BUILT_PRODUCTS_DIR)/TestPhoto.app/TestPhoto";
			};
			name = Release;
		};
		C8CE230A1CE4AB3400078436 /* Debug */ = {
			isa = XCBuildConfiguration;
			buildSettings = {
				INFOPLIST_FILE = TestPhotoUITests/Info.plist;
				LD_RUNPATH_SEARCH_PATHS = "$(inherited) @executable_path/Frameworks @loader_path/Frameworks";
				PRODUCT_BUNDLE_IDENTIFIER = com.test.TestPhotoUITests;
				PRODUCT_NAME = "$(TARGET_NAME)";
				TEST_TARGET_NAME = TestPhoto;
				USES_XCTRUNNER = YES;
			};
			name = Debug;
		};
		C8CE230B1CE4AB3400078436 /* Release */ = {
			isa = XCBuildConfiguration;
			buildSettings = {
				INFOPLIST_FILE = TestPhotoUITests/Info.plist;
				LD_RUNPATH_SEARCH_PATHS = "$(inherited) @executable_path/Frameworks @loader_path/Frameworks";
				PRODUCT_BUNDLE_IDENTIFIER = com.test.TestPhotoUITests;
				PRODUCT_NAME = "$(TARGET_NAME)";
				TEST_TARGET_NAME = TestPhoto;
				USES_XCTRUNNER = YES;
			};
			name = Release;
		};
/* End XCBuildConfiguration section */

/* Begin XCConfigurationList section */
		C8CE22D61CE4AB3300078436 /* Build configuration list for PBXProject "TestPhoto" */ = {
			isa = XCConfigurationList;
			buildConfigurations = (
				C8CE23011CE4AB3400078436 /* Debug */,
				C8CE23021CE4AB3400078436 /* Release */,
			);
			defaultConfigurationIsVisible = 0;
			defaultConfigurationName = Release;
		};
		C8CE23031CE4AB3400078436 /* Build configuration list for PBXNativeTarget "TestPhoto" */ = {
			isa = XCConfigurationList;
			buildConfigurations = (
				C8CE23041CE4AB3400078436 /* Debug */,
				C8CE23051CE4AB3400078436 /* Release */,
			);
			defaultConfigurationIsVisible = 0;
		};
		C8CE23061CE4AB3400078436 /* Build configuration list for PBXNativeTarget "TestPhotoTests" */ = {
			isa = XCConfigurationList;
			buildConfigurations = (
				C8CE23071CE4AB3400078436 /* Debug */,
				C8CE23081CE4AB3400078436 /* Release */,
			);
			defaultConfigurationIsVisible = 0;
		};
		C8CE23091CE4AB3400078436 /* Build configuration list for PBXNativeTarget "TestPhotoUITests" */ = {
			isa = XCConfigurationList;
			buildConfigurations = (
				C8CE230A1CE4AB3400078436 /* Debug */,
				C8CE230B1CE4AB3400078436 /* Release */,
			);
			defaultConfigurationIsVisible = 0;
		};
/* End XCConfigurationList section */
	};
	rootObject = C8CE22D31CE4AB3300078436 /* Project object */;
}
